
Microsoft Visual Studio Solution File, Format Version 12.00
# Visual Studio Version 17
VisualStudioVersion = 17.5.33530.505
MinimumVisualStudioVersion = 10.0.40219.1
Project("{FAE04EC0-301F-11D3-BF4B-00C04F79EFBC}") = "Краші_гірші_непорівняня_альтернатив_V2", "Краші_гірші_непорівняня_альтернатив_V2.csproj", "{DFA382E4-16E6-4ED4-94D4-B88A83184A8B}"
EndProject
Global
	GlobalSection(SolutionConfigurationPlatforms) = preSolution
		Debug|Any CPU = Debug|Any CPU
		Release|Any CPU = Release|Any CPU
	EndGlobalSection
	GlobalSection(ProjectConfigurationPlatforms) = postSolution
		{DFA382E4-16E6-4ED4-94D4-B88A83184A8B}.Debug|Any CPU.ActiveCfg = Debug|Any CPU
		{DFA382E4-16E6-4ED4-94D4-B88A83184A8B}.Debug|Any CPU.Build.0 = Debug|Any CPU
		{DFA382E4-16E6-4ED4-94D4-B88A83184A8B}.Release|Any CPU.ActiveCfg = Release|Any CPU
		{DFA382E4-16E6-4ED4-94D4-B88A83184A8B}.Release|Any CPU.Build.0 = Release|Any CPU
	EndGlobalSection
	GlobalSection(SolutionProperties) = preSolution
		HideSolutionNode = FALSE
	EndGlobalSection
	GlobalSection(ExtensibilityGlobals) = postSolution
		SolutionGuid = {DA04DFE1-BDF5-4C88-9F31-468CFB985166}
	EndGlobalSection
EndGlobal
